// !$*UTF8*$!
{
	archiveVersion = 1;
	classes = {
	};
	objectVersion = 50;
	objects = {

/* Begin PBXBuildFile section */
		19305EC125FA59AB0050BBB1 /* AppDelegate.swift in Sources */ = {isa = PBXBuildFile; fileRef = 19305EC025FA59AB0050BBB1 /* AppDelegate.swift */; };
		19305EC325FA59AB0050BBB1 /* SceneDelegate.swift in Sources */ = {isa = PBXBuildFile; fileRef = 19305EC225FA59AB0050BBB1 /* SceneDelegate.swift */; };
		19305EC525FA59AB0050BBB1 /* ViewController.swift in Sources */ = {isa = PBXBuildFile; fileRef = 19305EC425FA59AB0050BBB1 /* ViewController.swift */; };
		19305EC825FA59AC0050BBB1 /* Main.storyboard in Resources */ = {isa = PBXBuildFile; fileRef = 19305EC625FA59AC0050BBB1 /* Main.storyboard */; };
		19305ECA25FA59B00050BBB1 /* Assets.xcassets in Resources */ = {isa = PBXBuildFile; fileRef = 19305EC925FA59B00050BBB1 /* Assets.xcassets */; };
		19305ECD25FA59B00050BBB1 /* LaunchScreen.storyboard in Resources */ = {isa = PBXBuildFile; fileRef = 19305ECB25FA59B00050BBB1 /* LaunchScreen.storyboard */; };
		19305ED825FA59F60050BBB1 /* NinjaRequest.swift in Sources */ = {isa = PBXBuildFile; fileRef = 19305ED725FA59F60050BBB1 /* NinjaRequest.swift */; };
		19305EDB25FA605A0050BBB1 /* NinjaRequestable.swift in Sources */ = {isa = PBXBuildFile; fileRef = 19305EDA25FA605A0050BBB1 /* NinjaRequestable.swift */; };
		19305EDE25FA614D0050BBB1 /* NinjaHandler.swift in Sources */ = {isa = PBXBuildFile; fileRef = 19305EDD25FA614D0050BBB1 /* NinjaHandler.swift */; };
		19305EE125FA639A0050BBB1 /* NinjaError.swift in Sources */ = {isa = PBXBuildFile; fileRef = 19305EE025FA639A0050BBB1 /* NinjaError.swift */; };
		19305EE425FA65B40050BBB1 /* NinjaParser.swift in Sources */ = {isa = PBXBuildFile; fileRef = 19305EE325FA65B40050BBB1 /* NinjaParser.swift */; };
		19305EE725FA696E0050BBB1 /* CountryResponse.swift in Sources */ = {isa = PBXBuildFile; fileRef = 19305EE625FA696E0050BBB1 /* CountryResponse.swift */; };
		19CCC2D225FA745B00B7A853 /* NinjaMultipartHandler.swift in Sources */ = {isa = PBXBuildFile; fileRef = 19CCC2D125FA745B00B7A853 /* NinjaMultipartHandler.swift */; };
		19CCC2D525FA7D5400B7A853 /* NinjaErrorHandler.swift in Sources */ = {isa = PBXBuildFile; fileRef = 19CCC2D425FA7D5400B7A853 /* NinjaErrorHandler.swift */; };
/* End PBXBuildFile section */

/* Begin PBXFileReference section */
		19305EBD25FA59AB0050BBB1 /* Networking Layer.app */ = {isa = PBXFileReference; explicitFileType = wrapper.application; includeInIndex = 0; path = "Networking Layer.app"; sourceTree = BUILT_PRODUCTS_DIR; };
		19305EC025FA59AB0050BBB1 /* AppDelegate.swift */ = {isa = PBXFileReference; lastKnownFileType = sourcecode.swift; path = AppDelegate.swift; sourceTree = "<group>"; };
		19305EC225FA59AB0050BBB1 /* SceneDelegate.swift */ = {isa = PBXFileReference; lastKnownFileType = sourcecode.swift; path = SceneDelegate.swift; sourceTree = "<group>"; };
		19305EC425FA59AB0050BBB1 /* ViewController.swift */ = {isa = PBXFileReference; lastKnownFileType = sourcecode.swift; path = ViewController.swift; sourceTree = "<group>"; };
		19305EC725FA59AC0050BBB1 /* Base */ = {isa = PBXFileReference; lastKnownFileType = file.storyboard; name = Base; path = Base.lproj/Main.storyboard; sourceTree = "<group>"; };
		19305EC925FA59B00050BBB1 /* Assets.xcassets */ = {isa = PBXFileReference; lastKnownFileType = folder.assetcatalog; path = Assets.xcassets; sourceTree = "<group>"; };
		19305ECC25FA59B00050BBB1 /* Base */ = {isa = PBXFileReference; lastKnownFileType = file.storyboard; name = Base; path = Base.lproj/LaunchScreen.storyboard; sourceTree = "<group>"; };
		19305ECE25FA59B00050BBB1 /* Info.plist */ = {isa = PBXFileReference; lastKnownFileType = text.plist.xml; path = Info.plist; sourceTree = "<group>"; };
		19305ED725FA59F60050BBB1 /* NinjaRequest.swift */ = {isa = PBXFileReference; lastKnownFileType = sourcecode.swift; path = NinjaRequest.swift; sourceTree = "<group>"; };
		19305EDA25FA605A0050BBB1 /* NinjaRequestable.swift */ = {isa = PBXFileReference; lastKnownFileType = sourcecode.swift; path = NinjaRequestable.swift; sourceTree = "<group>"; };
		19305EDD25FA614D0050BBB1 /* NinjaHandler.swift */ = {isa = PBXFileReference; lastKnownFileType = sourcecode.swift; path = NinjaHandler.swift; sourceTree = "<group>"; };
		19305EE025FA639A0050BBB1 /* NinjaError.swift */ = {isa = PBXFileReference; lastKnownFileType = sourcecode.swift; path = NinjaError.swift; sourceTree = "<group>"; };
		19305EE325FA65B40050BBB1 /* NinjaParser.swift */ = {isa = PBXFileReference; lastKnownFileType = sourcecode.swift; path = NinjaParser.swift; sourceTree = "<group>"; };
		19305EE625FA696E0050BBB1 /* CountryResponse.swift */ = {isa = PBXFileReference; lastKnownFileType = sourcecode.swift; path = CountryResponse.swift; sourceTree = "<group>"; };
		19CCC2D125FA745B00B7A853 /* NinjaMultipartHandler.swift */ = {isa = PBXFileReference; lastKnownFileType = sourcecode.swift; path = NinjaMultipartHandler.swift; sourceTree = "<group>"; };
		19CCC2D425FA7D5400B7A853 /* NinjaErrorHandler.swift */ = {isa = PBXFileReference; lastKnownFileType = sourcecode.swift; path = NinjaErrorHandler.swift; sourceTree = "<group>"; };
/* End PBXFileReference section */

/* Begin PBXFrameworksBuildPhase section */
		19305EBA25FA59AB0050BBB1 /* Frameworks */ = {
			isa = PBXFrameworksBuildPhase;
			buildActionMask = 2147483647;
			files = (
			);
			runOnlyForDeploymentPostprocessing = 0;
		};
/* End PBXFrameworksBuildPhase section */

/* Begin PBXGroup section */
		19305EB425FA59AB0050BBB1 = {
			isa = PBXGroup;
			children = (
				19305EBF25FA59AB0050BBB1 /* Networking Layer */,
				19305EBE25FA59AB0050BBB1 /* Products */,
			);
			sourceTree = "<group>";
		};
		19305EBE25FA59AB0050BBB1 /* Products */ = {
			isa = PBXGroup;
			children = (
				19305EBD25FA59AB0050BBB1 /* Networking Layer.app */,
			);
			name = Products;
			sourceTree = "<group>";
		};
		19305EBF25FA59AB0050BBB1 /* Networking Layer */ = {
			isa = PBXGroup;
			children = (
				19305ED525FA59DE0050BBB1 /* Ninja */,
				19305EC025FA59AB0050BBB1 /* AppDelegate.swift */,
				19305EC225FA59AB0050BBB1 /* SceneDelegate.swift */,
				19305EC425FA59AB0050BBB1 /* ViewController.swift */,
				19305EE625FA696E0050BBB1 /* CountryResponse.swift */,
				19305EC625FA59AC0050BBB1 /* Main.storyboard */,
				19305EC925FA59B00050BBB1 /* Assets.xcassets */,
				19305ECB25FA59B00050BBB1 /* LaunchScreen.storyboard */,
				19305ECE25FA59B00050BBB1 /* Info.plist */,
			);
			path = "Networking Layer";
			sourceTree = "<group>";
		};
		19305ED525FA59DE0050BBB1 /* Ninja */ = {
			isa = PBXGroup;
			children = (
				19305ED725FA59F60050BBB1 /* NinjaRequest.swift */,
				19305EDA25FA605A0050BBB1 /* NinjaRequestable.swift */,
				19305EDD25FA614D0050BBB1 /* NinjaHandler.swift */,
				19CCC2D125FA745B00B7A853 /* NinjaMultipartHandler.swift */,
				19305EE325FA65B40050BBB1 /* NinjaParser.swift */,
				19305EE025FA639A0050BBB1 /* NinjaError.swift */,
				19CCC2D425FA7D5400B7A853 /* NinjaErrorHandler.swift */,
			);
			path = Ninja;
			sourceTree = "<group>";
		};
/* End PBXGroup section */

/* Begin PBXNativeTarget section */
		19305EBC25FA59AB0050BBB1 /* Networking Layer */ = {
			isa = PBXNativeTarget;
			buildConfigurationList = 19305ED125FA59B00050BBB1 /* Build configuration list for PBXNativeTarget "Networking Layer" */;
			buildPhases = (
				19305EB925FA59AB0050BBB1 /* Sources */,
				19305EBA25FA59AB0050BBB1 /* Frameworks */,
				19305EBB25FA59AB0050BBB1 /* Resources */,
			);
			buildRules = (
			);
			dependencies = (
			);
			name = "Networking Layer";
			productName = "Networking Layer";
			productReference = 19305EBD25FA59AB0050BBB1 /* Networking Layer.app */;
			productType = "com.apple.product-type.application";
		};
/* End PBXNativeTarget section */

/* Begin PBXProject section */
		19305EB525FA59AB0050BBB1 /* Project object */ = {
			isa = PBXProject;
			attributes = {
				LastSwiftUpdateCheck = 1240;
				LastUpgradeCheck = 1240;
				TargetAttributes = {
					19305EBC25FA59AB0050BBB1 = {
						CreatedOnToolsVersion = 12.4;
					};
				};
			};
			buildConfigurationList = 19305EB825FA59AB0050BBB1 /* Build configuration list for PBXProject "Networking Layer" */;
			compatibilityVersion = "Xcode 9.3";
			developmentRegion = en;
			hasScannedForEncodings = 0;
			knownRegions = (
				en,
				Base,
			);
			mainGroup = 19305EB425FA59AB0050BBB1;
			productRefGroup = 19305EBE25FA59AB0050BBB1 /* Products */;
			projectDirPath = "";
			projectRoot = "";
			targets = (
				19305EBC25FA59AB0050BBB1 /* Networking Layer */,
			);
		};
/* End PBXProject section */

/* Begin PBXResourcesBuildPhase section */
		19305EBB25FA59AB0050BBB1 /* Resources */ = {
			isa = PBXResourcesBuildPhase;
			buildActionMask = 2147483647;
			files = (
				19305ECD25FA59B00050BBB1 /* LaunchScreen.storyboard in Resources */,
				19305ECA25FA59B00050BBB1 /* Assets.xcassets in Resources */,
				19305EC825FA59AC0050BBB1 /* Main.storyboard in Resources */,
			);
			runOnlyForDeploymentPostprocessing = 0;
		};
/* End PBXResourcesBuildPhase section */

/* Begin PBXSourcesBuildPhase section */
		19305EB925FA59AB0050BBB1 /* Sources */ = {
			isa = PBXSourcesBuildPhase;
			buildActionMask = 2147483647;
			files = (
				19CCC2D225FA745B00B7A853 /* NinjaMultipartHandler.swift in Sources */,
				19305EE725FA696E0050BBB1 /* CountryResponse.swift in Sources */,
				19305EE125FA639A0050BBB1 /* NinjaError.swift in Sources */,
				19305EE425FA65B40050BBB1 /* NinjaParser.swift in Sources */,
				19305EC525FA59AB0050BBB1 /* ViewController.swift in Sources */,
				19305EC125FA59AB0050BBB1 /* AppDelegate.swift in Sources */,
				19305ED825FA59F60050BBB1 /* NinjaRequest.swift in Sources */,
				19305EDE25FA614D0050BBB1 /* NinjaHandler.swift in Sources */,
				19CCC2D525FA7D5400B7A853 /* NinjaErrorHandler.swift in Sources */,
				19305EDB25FA605A0050BBB1 /* NinjaRequestable.swift in Sources */,
				19305EC325FA59AB0050BBB1 /* SceneDelegate.swift in Sources */,
			);
			runOnlyForDeploymentPostprocessing = 0;
		};
/* End PBXSourcesBuildPhase section */

/* Begin PBXVariantGroup section */
		19305EC625FA59AC0050BBB1 /* Main.storyboard */ = {
			isa = PBXVariantGroup;
			children = (
				19305EC725FA59AC0050BBB1 /* Base */,
			);
			name = Main.storyboard;
			sourceTree = "<group>";
		};
		19305ECB25FA59B00050BBB1 /* LaunchScreen.storyboard */ = {
			isa = PBXVariantGroup;
			children = (
				19305ECC25FA59B00050BBB1 /* Base */,
			);
			name = LaunchScreen.storyboard;
			sourceTree = "<group>";
		};
/* End PBXVariantGroup section */

/* Begin XCBuildConfiguration section */
		19305ECF25FA59B00050BBB1 /* Debug */ = {
			isa = XCBuildConfiguration;
			buildSettings = {
				ALWAYS_SEARCH_USER_PATHS = NO;
				CLANG_ANALYZER_NONNULL = YES;
				CLANG_ANALYZER_NUMBER_OBJECT_CONVERSION = YES_AGGRESSIVE;
				CLANG_CXX_LANGUAGE_STANDARD = "gnu++14";
				CLANG_CXX_LIBRARY = "libc++";
				CLANG_ENABLE_MODULES = YES;
				CLANG_ENABLE_OBJC_ARC = YES;
				CLANG_ENABLE_OBJC_WEAK = YES;
				CLANG_WARN_BLOCK_CAPTURE_AUTORELEASING = YES;
				CLANG_WARN_BOOL_CONVERSION = YES;
				CLANG_WARN_COMMA = YES;
				CLANG_WARN_CONSTANT_CONVERSION = YES;
				CLANG_WARN_DEPRECATED_OBJC_IMPLEMENTATIONS = YES;
				CLANG_WARN_DIRECT_OBJC_ISA_USAGE = YES_ERROR;
				CLANG_WARN_DOCUMENTATION_COMMENTS = YES;
				CLANG_WARN_EMPTY_BODY = YES;
				CLANG_WARN_ENUM_CONVERSION = YES;
				CLANG_WARN_INFINITE_RECURSION = YES;
				CLANG_WARN_INT_CONVERSION = YES;
				CLANG_WARN_NON_LITERAL_NULL_CONVERSION = YES;
				CLANG_WARN_OBJC_IMPLICIT_RETAIN_SELF = YES;
				CLANG_WARN_OBJC_LITERAL_CONVERSION = YES;
				CLANG_WARN_OBJC_ROOT_CLASS = YES_ERROR;
				CLANG_WARN_QUOTED_INCLUDE_IN_FRAMEWORK_HEADER = YES;
				CLANG_WARN_RANGE_LOOP_ANALYSIS = YES;
				CLANG_WARN_STRICT_PROTOTYPES = YES;
				CLANG_WARN_SUSPICIOUS_MOVE = YES;
				CLANG_WARN_UNGUARDED_AVAILABILITY = YES_AGGRESSIVE;
				CLANG_WARN_UNREACHABLE_CODE = YES;
				CLANG_WARN__DUPLICATE_METHOD_MATCH = YES;
				COPY_PHASE_STRIP = NO;
				DEBUG_INFORMATION_FORMAT = dwarf;
				ENABLE_STRICT_OBJC_MSGSEND = YES;
				ENABLE_TESTABILITY = YES;
				GCC_C_LANGUAGE_STANDARD = gnu11;
				GCC_DYNAMIC_NO_PIC = NO;
				GCC_NO_COMMON_BLOCKS = YES;
				GCC_OPTIMIZATION_LEVEL = 0;
				GCC_PREPROCESSOR_DEFINITIONS = (
					"DEBUG=1",
					"$(inherited)",
				);
				GCC_WARN_64_TO_32_BIT_CONVERSION = YES;
				GCC_WARN_ABOUT_RETURN_TYPE = YES_ERROR;
				GCC_WARN_UNDECLARED_SELECTOR = YES;
				GCC_WARN_UNINITIALIZED_AUTOS = YES_AGGRESSIVE;
				GCC_WARN_UNUSED_FUNCTION = YES;
				GCC_WARN_UNUSED_VARIABLE = YES;
				IPHONEOS_DEPLOYMENT_TARGET = 14.4;
				MTL_ENABLE_DEBUG_INFO = INCLUDE_SOURCE;
				MTL_FAST_MATH = YES;
				ONLY_ACTIVE_ARCH = YES;
				SDKROOT = iphoneos;
				SWIFT_ACTIVE_COMPILATION_CONDITIONS = DEBUG;
				SWIFT_OPTIMIZATION_LEVEL = "-Onone";
			};
			name = Debug;
		};
		19305ED025FA59B00050BBB1 /* Release */ = {
			isa = XCBuildConfiguration;
			buildSettings = {
				ALWAYS_SEARCH_USER_PATHS = NO;
				CLANG_ANALYZER_NONNULL = YES;
				CLANG_ANALYZER_NUMBER_OBJECT_CONVERSION = YES_AGGRESSIVE;
				CLANG_CXX_LANGUAGE_STANDARD = "gnu++14";
				CLANG_CXX_LIBRARY = "libc++";
				CLANG_ENABLE_MODULES = YES;
				CLANG_ENABLE_OBJC_ARC = YES;
				CLANG_ENABLE_OBJC_WEAK = YES;
				CLANG_WARN_BLOCK_CAPTURE_AUTORELEASING = YES;
				CLANG_WARN_BOOL_CONVERSION = YES;
				CLANG_WARN_COMMA = YES;
				CLANG_WARN_CONSTANT_CONVERSION = YES;
				CLANG_WARN_DEPRECATED_OBJC_IMPLEMENTATIONS = YES;
				CLANG_WARN_DIRECT_OBJC_ISA_USAGE = YES_ERROR;
				CLANG_WARN_DOCUMENTATION_COMMENTS = YES;
				CLANG_WARN_EMPTY_BODY = YES;
				CLANG_WARN_ENUM_CONVERSION = YES;
				CLANG_WARN_INFINITE_RECURSION = YES;
				CLANG_WARN_INT_CONVERSION = YES;
				CLANG_WARN_NON_LITERAL_NULL_CONVERSION = YES;
				CLANG_WARN_OBJC_IMPLICIT_RETAIN_SELF = YES;
				CLANG_WARN_OBJC_LITERAL_CONVERSION = YES;
				CLANG_WARN_OBJC_ROOT_CLASS = YES_ERROR;
				CLANG_WARN_QUOTED_INCLUDE_IN_FRAMEWORK_HEADER = YES;
				CLANG_WARN_RANGE_LOOP_ANALYSIS = YES;
				CLANG_WARN_STRICT_PROTOTYPES = YES;
				CLANG_WARN_SUSPICIOUS_MOVE = YES;
				CLANG_WARN_UNGUARDED_AVAILABILITY = YES_AGGRESSIVE;
				CLANG_WARN_UNREACHABLE_CODE = YES;
				CLANG_WARN__DUPLICATE_METHOD_MATCH = YES;
				COPY_PHASE_STRIP = NO;
				DEBUG_INFORMATION_FORMAT = "dwarf-with-dsym";
				ENABLE_NS_ASSERTIONS = NO;
				ENABLE_STRICT_OBJC_MSGSEND = YES;
				GCC_C_LANGUAGE_STANDARD = gnu11;
				GCC_NO_COMMON_BLOCKS = YES;
				GCC_WARN_64_TO_32_BIT_CONVERSION = YES;
				GCC_WARN_ABOUT_RETURN_TYPE = YES_ERROR;
				GCC_WARN_UNDECLARED_SELECTOR = YES;
				GCC_WARN_UNINITIALIZED_AUTOS = YES_AGGRESSIVE;
				GCC_WARN_UNUSED_FUNCTION = YES;
				GCC_WARN_UNUSED_VARIABLE = YES;
				IPHONEOS_DEPLOYMENT_TARGET = 14.4;
				MTL_ENABLE_DEBUG_INFO = NO;
				MTL_FAST_MATH = YES;
				SDKROOT = iphoneos;
				SWIFT_COMPILATION_MODE = wholemodule;
				SWIFT_OPTIMIZATION_LEVEL = "-O";
				VALIDATE_PRODUCT = YES;
			};
			name = Release;
		};
		19305ED225FA59B00050BBB1 /* Debug */ = {
			isa = XCBuildConfiguration;
			buildSettings = {
				ASSETCATALOG_COMPILER_APPICON_NAME = AppIcon;
				ASSETCATALOG_COMPILER_GLOBAL_ACCENT_COLOR_NAME = AccentColor;
				CODE_SIGN_STYLE = Automatic;
				DEVELOPMENT_TEAM = GHR6984MQT;
				INFOPLIST_FILE = "Networking Layer/Info.plist";
				LD_RUNPATH_SEARCH_PATHS = (
					"$(inherited)",
					"@executable_path/Frameworks",
				);
				PRODUCT_BUNDLE_IDENTIFIER = "com.spark.Networking-Layer";
				PRODUCT_NAME = "$(TARGET_NAME)";
				SWIFT_VERSION = 5.0;
				TARGETED_DEVICE_FAMILY = "1,2";
			};
			name = Debug;
		};
		19305ED325FA59B00050BBB1 /* Release */ = {
			isa = XCBuildConfiguration;
			buildSettings = {
				ASSETCATALOG_COMPILER_APPICON_NAME = AppIcon;
				ASSETCATALOG_COMPILER_GLOBAL_ACCENT_COLOR_NAME = AccentColor;
				CODE_SIGN_STYLE = Automatic;
				DEVELOPMENT_TEAM = GHR6984MQT;
				INFOPLIST_FILE = "Networking Layer/Info.plist";
				LD_RUNPATH_SEARCH_PATHS = (
					"$(inherited)",
					"@executable_path/Frameworks",
				);
				PRODUCT_BUNDLE_IDENTIFIER = "com.spark.Networking-Layer";
				PRODUCT_NAME = "$(TARGET_NAME)";
				SWIFT_VERSION = 5.0;
				TARGETED_DEVICE_FAMILY = "1,2";
			};
			name = Release;
		};
/* End XCBuildConfiguration section */

/* Begin XCConfigurationList section */
		19305EB825FA59AB0050BBB1 /* Build configuration list for PBXProject "Networking Layer" */ = {
			isa = XCConfigurationList;
			buildConfigurations = (
				19305ECF25FA59B00050BBB1 /* Debug */,
				19305ED025FA59B00050BBB1 /* Release */,
			);
			defaultConfigurationIsVisible = 0;
			defaultConfigurationName = Release;
		};
		19305ED125FA59B00050BBB1 /* Build configuration list for PBXNativeTarget "Networking Layer" */ = {
			isa = XCConfigurationList;
			buildConfigurations = (
				19305ED225FA59B00050BBB1 /* Debug */,
				19305ED325FA59B00050BBB1 /* Release */,
			);
			defaultConfigurationIsVisible = 0;
			defaultConfigurationName = Release;
		};
/* End XCConfigurationList section */
	};
	rootObject = 19305EB525FA59AB0050BBB1 /* Project object */;
}
